// !$*UTF8*$!
{
	archiveVersion = 1;
	classes = {
	};
	objectVersion = 56;
	objects = {

/* Begin PBXBuildFile section */
		4E0507032A54004B000E99E9 /* font.swift in Sources */ = {isa = PBXBuildFile; fileRef = 4E0507022A54004B000E99E9 /* font.swift */; };
		4E0507042A54082D000E99E9 /* NotoSansKR-Medium.otf in Resources */ = {isa = PBXBuildFile; fileRef = 4E0507002A53FFD1000E99E9 /* NotoSansKR-Medium.otf */; };
		4E0507052A540830000E99E9 /* NotoSansKR-Regular.otf in Resources */ = {isa = PBXBuildFile; fileRef = 4E0506FF2A53FFD1000E99E9 /* NotoSansKR-Regular.otf */; };
		4E0507082A540BAC000E99E9 /* LoginViewController.swift in Sources */ = {isa = PBXBuildFile; fileRef = 4E0507072A540BAC000E99E9 /* LoginViewController.swift */; };
		4E05070B2A541057000E99E9 /* UITextField+addLeftPadding.swift in Sources */ = {isa = PBXBuildFile; fileRef = 4E05070A2A541057000E99E9 /* UITextField+addLeftPadding.swift */; };
		4E05070E2A542274000E99E9 /* MainViewController.swift in Sources */ = {isa = PBXBuildFile; fileRef = 4E05070D2A542274000E99E9 /* MainViewController.swift */; };
		4E0507122A542D09000E99E9 /* MainTableViewCell.swift in Sources */ = {isa = PBXBuildFile; fileRef = 4E0507112A542D09000E99E9 /* MainTableViewCell.swift */; };
		4E6DEF332A53DE57005C923F /* AppDelegate.swift in Sources */ = {isa = PBXBuildFile; fileRef = 4E6DEF322A53DE57005C923F /* AppDelegate.swift */; };
		4E6DEF352A53DE57005C923F /* SceneDelegate.swift in Sources */ = {isa = PBXBuildFile; fileRef = 4E6DEF342A53DE57005C923F /* SceneDelegate.swift */; };
		4E6DEF3C2A53DE57005C923F /* Assets.xcassets in Resources */ = {isa = PBXBuildFile; fileRef = 4E6DEF3B2A53DE57005C923F /* Assets.xcassets */; };
		4E6DEF3F2A53DE57005C923F /* LaunchScreen.storyboard in Resources */ = {isa = PBXBuildFile; fileRef = 4E6DEF3D2A53DE57005C923F /* LaunchScreen.storyboard */; };
		4E6DEF4F2A53FC25005C923F /* OnboardingViewController.swift in Sources */ = {isa = PBXBuildFile; fileRef = 4E6DEF4E2A53FC25005C923F /* OnboardingViewController.swift */; settings = {COMPILER_FLAGS = OnboardingViewController; }; };
		5B81FAFFB9BA08B6F4A5103E /* Pods_WaD.framework in Frameworks */ = {isa = PBXBuildFile; fileRef = 7D136CAFCC3421F61F305C65 /* Pods_WaD.framework */; };
/* End PBXBuildFile section */

/* Begin PBXFileReference section */
		030A4D8944083896CDA27290 /* Pods-WaD.release.xcconfig */ = {isa = PBXFileReference; includeInIndex = 1; lastKnownFileType = text.xcconfig; name = "Pods-WaD.release.xcconfig"; path = "Target Support Files/Pods-WaD/Pods-WaD.release.xcconfig"; sourceTree = "<group>"; };
		4E0506FD2A53FE2A000E99E9 /* WaD.app */ = {isa = PBXFileReference; explicitFileType = wrapper.application; includeInIndex = 0; path = WaD.app; sourceTree = BUILT_PRODUCTS_DIR; };
		4E0506FF2A53FFD1000E99E9 /* NotoSansKR-Regular.otf */ = {isa = PBXFileReference; lastKnownFileType = file; name = "NotoSansKR-Regular.otf"; path = "../../../../../../Downloads/Noto_Sans_KR/NotoSansKR-Regular.otf"; sourceTree = "<group>"; };
		4E0507002A53FFD1000E99E9 /* NotoSansKR-Medium.otf */ = {isa = PBXFileReference; lastKnownFileType = file; name = "NotoSansKR-Medium.otf"; path = "../../../../../../Downloads/Noto_Sans_KR/NotoSansKR-Medium.otf"; sourceTree = "<group>"; };
		4E0507022A54004B000E99E9 /* font.swift */ = {isa = PBXFileReference; lastKnownFileType = sourcecode.swift; path = font.swift; sourceTree = "<group>"; };
		4E0507072A540BAC000E99E9 /* LoginViewController.swift */ = {isa = PBXFileReference; lastKnownFileType = sourcecode.swift; path = LoginViewController.swift; sourceTree = "<group>"; };
		4E05070A2A541057000E99E9 /* UITextField+addLeftPadding.swift */ = {isa = PBXFileReference; lastKnownFileType = sourcecode.swift; path = "UITextField+addLeftPadding.swift"; sourceTree = "<group>"; };
		4E05070D2A542274000E99E9 /* MainViewController.swift */ = {isa = PBXFileReference; lastKnownFileType = sourcecode.swift; path = MainViewController.swift; sourceTree = "<group>"; };
		4E0507112A542D09000E99E9 /* MainTableViewCell.swift */ = {isa = PBXFileReference; lastKnownFileType = sourcecode.swift; path = MainTableViewCell.swift; sourceTree = "<group>"; };
		4E6DEF322A53DE57005C923F /* AppDelegate.swift */ = {isa = PBXFileReference; lastKnownFileType = sourcecode.swift; path = AppDelegate.swift; sourceTree = "<group>"; };
		4E6DEF342A53DE57005C923F /* SceneDelegate.swift */ = {isa = PBXFileReference; lastKnownFileType = sourcecode.swift; path = SceneDelegate.swift; sourceTree = "<group>"; };
		4E6DEF3B2A53DE57005C923F /* Assets.xcassets */ = {isa = PBXFileReference; lastKnownFileType = folder.assetcatalog; path = Assets.xcassets; sourceTree = "<group>"; };
		4E6DEF3E2A53DE57005C923F /* Base */ = {isa = PBXFileReference; lastKnownFileType = file.storyboard; name = Base; path = Base.lproj/LaunchScreen.storyboard; sourceTree = "<group>"; };
		4E6DEF402A53DE57005C923F /* Info.plist */ = {isa = PBXFileReference; lastKnownFileType = text.plist.xml; path = Info.plist; sourceTree = "<group>"; };
		4E6DEF4E2A53FC25005C923F /* OnboardingViewController.swift */ = {isa = PBXFileReference; lastKnownFileType = sourcecode.swift; path = OnboardingViewController.swift; sourceTree = "<group>"; };
		7D136CAFCC3421F61F305C65 /* Pods_WaD.framework */ = {isa = PBXFileReference; explicitFileType = wrapper.framework; includeInIndex = 0; path = Pods_WaD.framework; sourceTree = BUILT_PRODUCTS_DIR; };
		9886EE81E69F70377BEF6DCB /* Pods-WaD.debug.xcconfig */ = {isa = PBXFileReference; includeInIndex = 1; lastKnownFileType = text.xcconfig; name = "Pods-WaD.debug.xcconfig"; path = "Target Support Files/Pods-WaD/Pods-WaD.debug.xcconfig"; sourceTree = "<group>"; };
/* End PBXFileReference section */

/* Begin PBXFrameworksBuildPhase section */
		4E6DEF2C2A53DE57005C923F /* Frameworks */ = {
			isa = PBXFrameworksBuildPhase;
			buildActionMask = 2147483647;
			files = (
				5B81FAFFB9BA08B6F4A5103E /* Pods_WaD.framework in Frameworks */,
			);
			runOnlyForDeploymentPostprocessing = 0;
		};
/* End PBXFrameworksBuildPhase section */

/* Begin PBXGroup section */
		244CEC2A6BA2404E0F36EBEE /* Pods */ = {
			isa = PBXGroup;
			children = (
				9886EE81E69F70377BEF6DCB /* Pods-WaD.debug.xcconfig */,
				030A4D8944083896CDA27290 /* Pods-WaD.release.xcconfig */,
			);
			path = Pods;
			sourceTree = "<group>";
		};
		4E0506FE2A53FFBE000E99E9 /* Fonts */ = {
			isa = PBXGroup;
			children = (
				4E0507002A53FFD1000E99E9 /* NotoSansKR-Medium.otf */,
				4E0506FF2A53FFD1000E99E9 /* NotoSansKR-Regular.otf */,
			);
			path = Fonts;
			sourceTree = "<group>";
		};
		4E0507012A53FFDF000E99E9 /* ResourceCode */ = {
			isa = PBXGroup;
			children = (
				4E0507022A54004B000E99E9 /* font.swift */,
			);
			path = ResourceCode;
			sourceTree = "<group>";
		};
		4E0507062A540BA1000E99E9 /* Login */ = {
			isa = PBXGroup;
			children = (
				4E0507072A540BAC000E99E9 /* LoginViewController.swift */,
			);
			path = Login;
			sourceTree = "<group>";
		};
		4E0507092A541035000E99E9 /* Extension */ = {
			isa = PBXGroup;
			children = (
				4E05070A2A541057000E99E9 /* UITextField+addLeftPadding.swift */,
			);
			path = Extension;
			sourceTree = "<group>";
		};
		4E05070C2A542267000E99E9 /* Main */ = {
			isa = PBXGroup;
			children = (
				4E0507102A542CED000E99E9 /* cell */,
				4E05070D2A542274000E99E9 /* MainViewController.swift */,
			);
			path = Main;
			sourceTree = "<group>";
		};
		4E0507102A542CED000E99E9 /* cell */ = {
			isa = PBXGroup;
			children = (
				4E0507112A542D09000E99E9 /* MainTableViewCell.swift */,
			);
			path = cell;
			sourceTree = "<group>";
		};
		4E6DEF262A53DE57005C923F = {
			isa = PBXGroup;
			children = (
				4E6DEF312A53DE57005C923F /* WaD */,
				244CEC2A6BA2404E0F36EBEE /* Pods */,
				A02662F0DDE33190306D69F2 /* Frameworks */,
				4E0506FD2A53FE2A000E99E9 /* WaD.app */,
			);
			sourceTree = "<group>";
		};
		4E6DEF312A53DE57005C923F /* WaD */ = {
			isa = PBXGroup;
			children = (
				4E6DEF492A53FAF9005C923F /* Supportingfiles */,
				4E6DEF482A53FAF3005C923F /* Sources */,
				4E6DEF472A53FACE005C923F /* Resources */,
			);
			path = WaD;
			sourceTree = "<group>";
		};
		4E6DEF472A53FACE005C923F /* Resources */ = {
			isa = PBXGroup;
			children = (
				4E0506FE2A53FFBE000E99E9 /* Fonts */,
				4E6DEF3D2A53DE57005C923F /* LaunchScreen.storyboard */,
				4E6DEF3B2A53DE57005C923F /* Assets.xcassets */,
			);
			path = Resources;
			sourceTree = "<group>";
		};
		4E6DEF482A53FAF3005C923F /* Sources */ = {
			isa = PBXGroup;
			children = (
				4E0507092A541035000E99E9 /* Extension */,
				4E0507012A53FFDF000E99E9 /* ResourceCode */,
				4E6DEF4C2A53FB6A005C923F /* Presentation */,
				4E6DEF4B2A53FB5A005C923F /* Application */,
			);
			path = Sources;
			sourceTree = "<group>";
		};
		4E6DEF492A53FAF9005C923F /* Supportingfiles */ = {
			isa = PBXGroup;
			children = (
				4E6DEF402A53DE57005C923F /* Info.plist */,
			);
			path = Supportingfiles;
			sourceTree = "<group>";
		};
		4E6DEF4B2A53FB5A005C923F /* Application */ = {
			isa = PBXGroup;
			children = (
				4E6DEF322A53DE57005C923F /* AppDelegate.swift */,
				4E6DEF342A53DE57005C923F /* SceneDelegate.swift */,
			);
			path = Application;
			sourceTree = "<group>";
		};
		4E6DEF4C2A53FB6A005C923F /* Presentation */ = {
			isa = PBXGroup;
			children = (
				4E05070C2A542267000E99E9 /* Main */,
				4E0507062A540BA1000E99E9 /* Login */,
				4E6DEF4D2A53FBB6005C923F /* Onboarding */,
			);
			path = Presentation;
			sourceTree = "<group>";
		};
		4E6DEF4D2A53FBB6005C923F /* Onboarding */ = {
			isa = PBXGroup;
			children = (
				4E6DEF4E2A53FC25005C923F /* OnboardingViewController.swift */,
			);
			path = Onboarding;
			sourceTree = "<group>";
		};
		A02662F0DDE33190306D69F2 /* Frameworks */ = {
			isa = PBXGroup;
			children = (
				7D136CAFCC3421F61F305C65 /* Pods_WaD.framework */,
			);
			name = Frameworks;
			sourceTree = "<group>";
		};
/* End PBXGroup section */

/* Begin PBXNativeTarget section */
		4E6DEF2E2A53DE57005C923F /* WaD */ = {
			isa = PBXNativeTarget;
			buildConfigurationList = 4E6DEF432A53DE57005C923F /* Build configuration list for PBXNativeTarget "WaD" */;
			buildPhases = (
				B9CF066C845F0F3601B8C5E0 /* [CP] Check Pods Manifest.lock */,
				4E6DEF2B2A53DE57005C923F /* Sources */,
				4E6DEF2C2A53DE57005C923F /* Frameworks */,
				4E6DEF2D2A53DE57005C923F /* Resources */,
				096940208542BFD4BFE34F94 /* [CP] Embed Pods Frameworks */,
			);
			buildRules = (
			);
			dependencies = (
			);
			name = WaD;
			productName = WaD;
			productReference = 4E0506FD2A53FE2A000E99E9 /* WaD.app */;
			productType = "com.apple.product-type.application";
		};
/* End PBXNativeTarget section */

/* Begin PBXProject section */
		4E6DEF272A53DE57005C923F /* Project object */ = {
			isa = PBXProject;
			attributes = {
				BuildIndependentTargetsInParallel = 1;
				LastSwiftUpdateCheck = 1430;
				LastUpgradeCheck = 1430;
				TargetAttributes = {
					4E6DEF2E2A53DE57005C923F = {
						CreatedOnToolsVersion = 14.3.1;
					};
				};
			};
			buildConfigurationList = 4E6DEF2A2A53DE57005C923F /* Build configuration list for PBXProject "WaD" */;
			compatibilityVersion = "Xcode 14.0";
			developmentRegion = en;
			hasScannedForEncodings = 0;
			knownRegions = (
				en,
				Base,
			);
			mainGroup = 4E6DEF262A53DE57005C923F;
			packageReferences = (
				4E6DEF462A53E59D005C923F /* XCRemoteSwiftPackageReference "WaD-hackathon" */,
			);
			productRefGroup = 4E6DEF262A53DE57005C923F;
			projectDirPath = "";
			projectRoot = "";
			targets = (
				4E6DEF2E2A53DE57005C923F /* WaD */,
			);
		};
/* End PBXProject section */

/* Begin PBXResourcesBuildPhase section */
		4E6DEF2D2A53DE57005C923F /* Resources */ = {
			isa = PBXResourcesBuildPhase;
			buildActionMask = 2147483647;
			files = (
				4E0507042A54082D000E99E9 /* NotoSansKR-Medium.otf in Resources */,
				4E6DEF3F2A53DE57005C923F /* LaunchScreen.storyboard in Resources */,
				4E0507052A540830000E99E9 /* NotoSansKR-Regular.otf in Resources */,
				4E6DEF3C2A53DE57005C923F /* Assets.xcassets in Resources */,
			);
			runOnlyForDeploymentPostprocessing = 0;
		};
/* End PBXResourcesBuildPhase section */

/* Begin PBXShellScriptBuildPhase section */
		096940208542BFD4BFE34F94 /* [CP] Embed Pods Frameworks */ = {
			isa = PBXShellScriptBuildPhase;
			buildActionMask = 2147483647;
			files = (
			);
			inputFileListPaths = (
				"${PODS_ROOT}/Target Support Files/Pods-WaD/Pods-WaD-frameworks-${CONFIGURATION}-input-files.xcfilelist",
			);
			name = "[CP] Embed Pods Frameworks";
			outputFileListPaths = (
				"${PODS_ROOT}/Target Support Files/Pods-WaD/Pods-WaD-frameworks-${CONFIGURATION}-output-files.xcfilelist",
			);
			runOnlyForDeploymentPostprocessing = 0;
			shellPath = /bin/sh;
			shellScript = "\"${PODS_ROOT}/Target Support Files/Pods-WaD/Pods-WaD-frameworks.sh\"\n";
			showEnvVarsInLog = 0;
		};
		B9CF066C845F0F3601B8C5E0 /* [CP] Check Pods Manifest.lock */ = {
			isa = PBXShellScriptBuildPhase;
			buildActionMask = 2147483647;
			files = (
			);
			inputFileListPaths = (
			);
			inputPaths = (
				"${PODS_PODFILE_DIR_PATH}/Podfile.lock",
				"${PODS_ROOT}/Manifest.lock",
			);
			name = "[CP] Check Pods Manifest.lock";
			outputFileListPaths = (
			);
			outputPaths = (
				"$(DERIVED_FILE_DIR)/Pods-WaD-checkManifestLockResult.txt",
			);
			runOnlyForDeploymentPostprocessing = 0;
			shellPath = /bin/sh;
			shellScript = "diff \"${PODS_PODFILE_DIR_PATH}/Podfile.lock\" \"${PODS_ROOT}/Manifest.lock\" > /dev/null\nif [ $? != 0 ] ; then\n    # print error to STDERR\n    echo \"error: The sandbox is not in sync with the Podfile.lock. Run 'pod install' or update your CocoaPods installation.\" >&2\n    exit 1\nfi\n# This output is used by Xcode 'outputs' to avoid re-running this script phase.\necho \"SUCCESS\" > \"${SCRIPT_OUTPUT_FILE_0}\"\n";
			showEnvVarsInLog = 0;
		};
/* End PBXShellScriptBuildPhase section */

/* Begin PBXSourcesBuildPhase section */
		4E6DEF2B2A53DE57005C923F /* Sources */ = {
			isa = PBXSourcesBuildPhase;
			buildActionMask = 2147483647;
			files = (
				4E05070E2A542274000E99E9 /* MainViewController.swift in Sources */,
				4E05070B2A541057000E99E9 /* UITextField+addLeftPadding.swift in Sources */,
				4E0507122A542D09000E99E9 /* MainTableViewCell.swift in Sources */,
				4E0507032A54004B000E99E9 /* font.swift in Sources */,
				4E6DEF4F2A53FC25005C923F /* OnboardingViewController.swift in Sources */,
				4E6DEF332A53DE57005C923F /* AppDelegate.swift in Sources */,
				4E0507082A540BAC000E99E9 /* LoginViewController.swift in Sources */,
				4E6DEF352A53DE57005C923F /* SceneDelegate.swift in Sources */,
			);
			runOnlyForDeploymentPostprocessing = 0;
		};
/* End PBXSourcesBuildPhase section */

/* Begin PBXVariantGroup section */
		4E6DEF3D2A53DE57005C923F /* LaunchScreen.storyboard */ = {
			isa = PBXVariantGroup;
			children = (
				4E6DEF3E2A53DE57005C923F /* Base */,
			);
			name = LaunchScreen.storyboard;
			sourceTree = "<group>";
		};
/* End PBXVariantGroup section */

/* Begin XCBuildConfiguration section */
		4E6DEF412A53DE57005C923F /* Debug */ = {
			isa = XCBuildConfiguration;
			buildSettings = {
				ALWAYS_SEARCH_USER_PATHS = NO;
				CLANG_ANALYZER_NONNULL = YES;
				CLANG_ANALYZER_NUMBER_OBJECT_CONVERSION = YES_AGGRESSIVE;
				CLANG_CXX_LANGUAGE_STANDARD = "gnu++20";
				CLANG_ENABLE_MODULES = YES;
				CLANG_ENABLE_OBJC_ARC = YES;
				CLANG_ENABLE_OBJC_WEAK = YES;
				CLANG_WARN_BLOCK_CAPTURE_AUTORELEASING = YES;
				CLANG_WARN_BOOL_CONVERSION = YES;
				CLANG_WARN_COMMA = YES;
				CLANG_WARN_CONSTANT_CONVERSION = YES;
				CLANG_WARN_DEPRECATED_OBJC_IMPLEMENTATIONS = YES;
				CLANG_WARN_DIRECT_OBJC_ISA_USAGE = YES_ERROR;
				CLANG_WARN_DOCUMENTATION_COMMENTS = YES;
				CLANG_WARN_EMPTY_BODY = YES;
				CLANG_WARN_ENUM_CONVERSION = YES;
				CLANG_WARN_INFINITE_RECURSION = YES;
				CLANG_WARN_INT_CONVERSION = YES;
				CLANG_WARN_NON_LITERAL_NULL_CONVERSION = YES;
				CLANG_WARN_OBJC_IMPLICIT_RETAIN_SELF = YES;
				CLANG_WARN_OBJC_LITERAL_CONVERSION = YES;
				CLANG_WARN_OBJC_ROOT_CLASS = YES_ERROR;
				CLANG_WARN_QUOTED_INCLUDE_IN_FRAMEWORK_HEADER = YES;
				CLANG_WARN_RANGE_LOOP_ANALYSIS = YES;
				CLANG_WARN_STRICT_PROTOTYPES = YES;
				CLANG_WARN_SUSPICIOUS_MOVE = YES;
				CLANG_WARN_UNGUARDED_AVAILABILITY = YES_AGGRESSIVE;
				CLANG_WARN_UNREACHABLE_CODE = YES;
				CLANG_WARN__DUPLICATE_METHOD_MATCH = YES;
				COPY_PHASE_STRIP = NO;
				DEBUG_INFORMATION_FORMAT = dwarf;
				ENABLE_STRICT_OBJC_MSGSEND = YES;
				ENABLE_TESTABILITY = YES;
				GCC_C_LANGUAGE_STANDARD = gnu11;
				GCC_DYNAMIC_NO_PIC = NO;
				GCC_NO_COMMON_BLOCKS = YES;
				GCC_OPTIMIZATION_LEVEL = 0;
				GCC_PREPROCESSOR_DEFINITIONS = (
					"DEBUG=1",
					"$(inherited)",
				);
				GCC_WARN_64_TO_32_BIT_CONVERSION = YES;
				GCC_WARN_ABOUT_RETURN_TYPE = YES_ERROR;
				GCC_WARN_UNDECLARED_SELECTOR = YES;
				GCC_WARN_UNINITIALIZED_AUTOS = YES_AGGRESSIVE;
				GCC_WARN_UNUSED_FUNCTION = YES;
				GCC_WARN_UNUSED_VARIABLE = YES;
				IPHONEOS_DEPLOYMENT_TARGET = 16.4;
				MTL_ENABLE_DEBUG_INFO = INCLUDE_SOURCE;
				MTL_FAST_MATH = YES;
				ONLY_ACTIVE_ARCH = YES;
				SDKROOT = iphoneos;
				SWIFT_ACTIVE_COMPILATION_CONDITIONS = DEBUG;
				SWIFT_OPTIMIZATION_LEVEL = "-Onone";
			};
			name = Debug;
		};
		4E6DEF422A53DE57005C923F /* Release */ = {
			isa = XCBuildConfiguration;
			buildSettings = {
				ALWAYS_SEARCH_USER_PATHS = NO;
				CLANG_ANALYZER_NONNULL = YES;
				CLANG_ANALYZER_NUMBER_OBJECT_CONVERSION = YES_AGGRESSIVE;
				CLANG_CXX_LANGUAGE_STANDARD = "gnu++20";
				CLANG_ENABLE_MODULES = YES;
				CLANG_ENABLE_OBJC_ARC = YES;
				CLANG_ENABLE_OBJC_WEAK = YES;
				CLANG_WARN_BLOCK_CAPTURE_AUTORELEASING = YES;
				CLANG_WARN_BOOL_CONVERSION = YES;
				CLANG_WARN_COMMA = YES;
				CLANG_WARN_CONSTANT_CONVERSION = YES;
				CLANG_WARN_DEPRECATED_OBJC_IMPLEMENTATIONS = YES;
				CLANG_WARN_DIRECT_OBJC_ISA_USAGE = YES_ERROR;
				CLANG_WARN_DOCUMENTATION_COMMENTS = YES;
				CLANG_WARN_EMPTY_BODY = YES;
				CLANG_WARN_ENUM_CONVERSION = YES;
				CLANG_WARN_INFINITE_RECURSION = YES;
				CLANG_WARN_INT_CONVERSION = YES;
				CLANG_WARN_NON_LITERAL_NULL_CONVERSION = YES;
				CLANG_WARN_OBJC_IMPLICIT_RETAIN_SELF = YES;
				CLANG_WARN_OBJC_LITERAL_CONVERSION = YES;
				CLANG_WARN_OBJC_ROOT_CLASS = YES_ERROR;
				CLANG_WARN_QUOTED_INCLUDE_IN_FRAMEWORK_HEADER = YES;
				CLANG_WARN_RANGE_LOOP_ANALYSIS = YES;
				CLANG_WARN_STRICT_PROTOTYPES = YES;
				CLANG_WARN_SUSPICIOUS_MOVE = YES;
				CLANG_WARN_UNGUARDED_AVAILABILITY = YES_AGGRESSIVE;
				CLANG_WARN_UNREACHABLE_CODE = YES;
				CLANG_WARN__DUPLICATE_METHOD_MATCH = YES;
				COPY_PHASE_STRIP = NO;
				DEBUG_INFORMATION_FORMAT = "dwarf-with-dsym";
				ENABLE_NS_ASSERTIONS = NO;
				ENABLE_STRICT_OBJC_MSGSEND = YES;
				GCC_C_LANGUAGE_STANDARD = gnu11;
				GCC_NO_COMMON_BLOCKS = YES;
				GCC_WARN_64_TO_32_BIT_CONVERSION = YES;
				GCC_WARN_ABOUT_RETURN_TYPE = YES_ERROR;
				GCC_WARN_UNDECLARED_SELECTOR = YES;
				GCC_WARN_UNINITIALIZED_AUTOS = YES_AGGRESSIVE;
				GCC_WARN_UNUSED_FUNCTION = YES;
				GCC_WARN_UNUSED_VARIABLE = YES;
				IPHONEOS_DEPLOYMENT_TARGET = 16.4;
				MTL_ENABLE_DEBUG_INFO = NO;
				MTL_FAST_MATH = YES;
				SDKROOT = iphoneos;
				SWIFT_COMPILATION_MODE = wholemodule;
				SWIFT_OPTIMIZATION_LEVEL = "-O";
				VALIDATE_PRODUCT = YES;
			};
			name = Release;
		};
		4E6DEF442A53DE57005C923F /* Debug */ = {
			isa = XCBuildConfiguration;
			baseConfigurationReference = 9886EE81E69F70377BEF6DCB /* Pods-WaD.debug.xcconfig */;
			buildSettings = {
				ASSETCATALOG_COMPILER_APPICON_NAME = AppIcon;
				ASSETCATALOG_COMPILER_GLOBAL_ACCENT_COLOR_NAME = AccentColor;
				CODE_SIGN_STYLE = Automatic;
				CURRENT_PROJECT_VERSION = 1;
				GENERATE_INFOPLIST_FILE = YES;
				INFOPLIST_FILE = WaD/Supportingfiles/Info.plist;
				INFOPLIST_KEY_UIApplicationSupportsIndirectInputEvents = YES;
				INFOPLIST_KEY_UILaunchStoryboardName = LaunchScreen;
				INFOPLIST_KEY_UISupportedInterfaceOrientations_iPad = "UIInterfaceOrientationPortrait UIInterfaceOrientationPortraitUpsideDown UIInterfaceOrientationLandscapeLeft UIInterfaceOrientationLandscapeRight";
				INFOPLIST_KEY_UISupportedInterfaceOrientations_iPhone = "UIInterfaceOrientationPortrait UIInterfaceOrientationLandscapeLeft UIInterfaceOrientationLandscapeRight";
				LD_RUNPATH_SEARCH_PATHS = (
					"$(inherited)",
					"@executable_path/Frameworks",
				);
				MARKETING_VERSION = 1.0;
				PRODUCT_BUNDLE_IDENTIFIER = iOS.rlaxodnjs.DSM.WaD;
				PRODUCT_NAME = "$(TARGET_NAME)";
				SWIFT_EMIT_LOC_STRINGS = YES;
				SWIFT_VERSION = 5.0;
				TARGETED_DEVICE_FAMILY = "1,2";
			};
			name = Debug;
		};
		4E6DEF452A53DE57005C923F /* Release */ = {
			isa = XCBuildConfiguration;
			baseConfigurationReference = 030A4D8944083896CDA27290 /* Pods-WaD.release.xcconfig */;
			buildSettings = {
				ASSETCATALOG_COMPILER_APPICON_NAME = AppIcon;
				ASSETCATALOG_COMPILER_GLOBAL_ACCENT_COLOR_NAME = AccentColor;
				CODE_SIGN_STYLE = Automatic;
				CURRENT_PROJECT_VERSION = 1;
				GENERATE_INFOPLIST_FILE = YES;
				INFOPLIST_FILE = WaD/Supportingfiles/Info.plist;
				INFOPLIST_KEY_UIApplicationSupportsIndirectInputEvents = YES;
				INFOPLIST_KEY_UILaunchStoryboardName = LaunchScreen;
				INFOPLIST_KEY_UISupportedInterfaceOrientations_iPad = "UIInterfaceOrientationPortrait UIInterfaceOrientationPortraitUpsideDown UIInterfaceOrientationLandscapeLeft UIInterfaceOrientationLandscapeRight";
				INFOPLIST_KEY_UISupportedInterfaceOrientations_iPhone = "UIInterfaceOrientationPortrait UIInterfaceOrientationLandscapeLeft UIInterfaceOrientationLandscapeRight";
				LD_RUNPATH_SEARCH_PATHS = (
					"$(inherited)",
					"@executable_path/Frameworks",
				);
				MARKETING_VERSION = 1.0;
				PRODUCT_BUNDLE_IDENTIFIER = iOS.rlaxodnjs.DSM.WaD;
				PRODUCT_NAME = "$(TARGET_NAME)";
				SWIFT_EMIT_LOC_STRINGS = YES;
				SWIFT_VERSION = 5.0;
				TARGETED_DEVICE_FAMILY = "1,2";
			};
			name = Release;
		};
/* End XCBuildConfiguration section */

/* Begin XCConfigurationList section */
		4E6DEF2A2A53DE57005C923F /* Build configuration list for PBXProject "WaD" */ = {
			isa = XCConfigurationList;
			buildConfigurations = (
				4E6DEF412A53DE57005C923F /* Debug */,
				4E6DEF422A53DE57005C923F /* Release */,
			);
			defaultConfigurationIsVisible = 0;
			defaultConfigurationName = Release;
		};
		4E6DEF432A53DE57005C923F /* Build configuration list for PBXNativeTarget "WaD" */ = {
			isa = XCConfigurationList;
			buildConfigurations = (
				4E6DEF442A53DE57005C923F /* Debug */,
				4E6DEF452A53DE57005C923F /* Release */,
			);
			defaultConfigurationIsVisible = 0;
			defaultConfigurationName = Release;
		};
/* End XCConfigurationList section */

/* Begin XCRemoteSwiftPackageReference section */
		4E6DEF462A53E59D005C923F /* XCRemoteSwiftPackageReference "WaD-hackathon" */ = {
			isa = XCRemoteSwiftPackageReference;
			repositoryURL = "https://github.com/rlaxodnjs0876/WaD-hackathon.git";
			requirement = {
				branch = master;
				kind = branch;
			};
		};
/* End XCRemoteSwiftPackageReference section */
	};
	rootObject = 4E6DEF272A53DE57005C923F /* Project object */;
}
